
Microsoft Visual Studio Solution File, Format Version 12.00
# Visual Studio Version 16
VisualStudioVersion = 16.0.29715.144
MinimumVisualStudioVersion = 10.0.40219.1
Project("{9A19103F-16F7-4668-BE54-9A1E7A4F7556}") = "WillowDepends.Lib", "WillowDepends.Lib\WillowDepends.Lib.csproj", "{119698A7-FC84-4D0D-995C-3B2BD369EC4C}"
EndProject
Project("{9A19103F-16F7-4668-BE54-9A1E7A4F7556}") = "WillowDepends.Console", "WillowDepends.Console\WillowDepends.Console.csproj", "{0D0B93F3-D79B-4779-AD86-54CDBBE52915}"
EndProject
Project("{9A19103F-16F7-4668-BE54-9A1E7A4F7556}") = "WillowDepends.UI", "WillowDepends.UI\WillowDepends.UI.csproj", "{8B1BA531-C77E-4300-9204-167E9170787A}"
EndProject
Project("{2150E333-8FDC-42A3-9474-1A3956D46DE8}") = "Solution Items", "Solution Items", "{132E4E35-3B62-4114-8454-443B83044DA3}"
	ProjectSection(SolutionItems) = preProject
		.editorconfig = .editorconfig
	EndProjectSection
EndProject
Global
	GlobalSection(SolutionConfigurationPlatforms) = preSolution
		Debug|Any CPU = Debug|Any CPU
		Release|Any CPU = Release|Any CPU
	EndGlobalSection
	GlobalSection(ProjectConfigurationPlatforms) = postSolution
		{119698A7-FC84-4D0D-995C-3B2BD369EC4C}.Debug|Any CPU.ActiveCfg = Debug|Any CPU
		{119698A7-FC84-4D0D-995C-3B2BD369EC4C}.Debug|Any CPU.Build.0 = Debug|Any CPU
		{119698A7-FC84-4D0D-995C-3B2BD369EC4C}.Release|Any CPU.ActiveCfg = Release|Any CPU
		{119698A7-FC84-4D0D-995C-3B2BD369EC4C}.Release|Any CPU.Build.0 = Release|Any CPU
		{0D0B93F3-D79B-4779-AD86-54CDBBE52915}.Debug|Any CPU.ActiveCfg = Debug|Any CPU
		{0D0B93F3-D79B-4779-AD86-54CDBBE52915}.Debug|Any CPU.Build.0 = Debug|Any CPU
		{0D0B93F3-D79B-4779-AD86-54CDBBE52915}.Release|Any CPU.ActiveCfg = Release|Any CPU
		{0D0B93F3-D79B-4779-AD86-54CDBBE52915}.Release|Any CPU.Build.0 = Release|Any CPU
		{8B1BA531-C77E-4300-9204-167E9170787A}.Debug|Any CPU.ActiveCfg = Debug|Any CPU
		{8B1BA531-C77E-4300-9204-167E9170787A}.Debug|Any CPU.Build.0 = Debug|Any CPU
		{8B1BA531-C77E-4300-9204-167E9170787A}.Release|Any CPU.ActiveCfg = Release|Any CPU
		{8B1BA531-C77E-4300-9204-167E9170787A}.Release|Any CPU.Build.0 = Release|Any CPU
	EndGlobalSection
	GlobalSection(SolutionProperties) = preSolution
		HideSolutionNode = FALSE
	EndGlobalSection
	GlobalSection(ExtensibilityGlobals) = postSolution
		SolutionGuid = {C19401B7-1E35-4ACD-91BF-FB86D4ECD19A}
	EndGlobalSection
EndGlobal
